
Microsoft Visual Studio Solution File, Format Version 12.00
# Visual Studio Version 17
VisualStudioVersion = 17.14.36221.1 d17.14
MinimumVisualStudioVersion = 10.0.40219.1
Project("{FAE04EC0-301F-11D3-BF4B-00C04F79EFBC}") = "VencordAutoPatcher", "VencordAutoPatcher.csproj", "{11CA2351-4AD0-4946-9E13-38FA69EA59CC}"
EndProject
Global
	GlobalSection(SolutionConfigurationPlatforms) = preSolution
		Debug|Any CPU = Debug|Any CPU
		Release|Any CPU = Release|Any CPU
	EndGlobalSection
	GlobalSection(ProjectConfigurationPlatforms) = postSolution
		{11CA2351-4AD0-4946-9E13-38FA69EA59CC}.Debug|Any CPU.ActiveCfg = Debug|Any CPU
		{11CA2351-4AD0-4946-9E13-38FA69EA59CC}.Debug|Any CPU.Build.0 = Debug|Any CPU
		{11CA2351-4AD0-4946-9E13-38FA69EA59CC}.Release|Any CPU.ActiveCfg = Release|Any CPU
		{11CA2351-4AD0-4946-9E13-38FA69EA59CC}.Release|Any CPU.Build.0 = Release|Any CPU
	EndGlobalSection
	GlobalSection(SolutionProperties) = preSolution
		HideSolutionNode = FALSE
	EndGlobalSection
	GlobalSection(ExtensibilityGlobals) = postSolution
		SolutionGuid = {F38B6E94-1959-4848-9A28-DCE5B3441F07}
	EndGlobalSection
EndGlobal
